<?xml version="1.0" encoding="utf-8"?>
<Project ToolsVersion="4.0" xmlns="http://schemas.microsoft.com/developer/msbuild/2003">
  <ItemGroup>
    <Filter Include="Source Files">
      <UniqueIdentifier>{4FC737F1-C7A5-4376-A066-2A32D752A2FF}</UniqueIdentifier>
      <Extensions>cpp;c;cc;cxx;c++;def;odl;idl;hpj;bat;asm;asmx</Extensions>
    </Filter>
    <Filter Include="Header Files">
      <UniqueIdentifier>{93995380-89BD-4b04-88EB-625FBE52EBFB}</UniqueIdentifier>
      <Extensions>h;hh;hpp;hxx;h++;hm;inl;inc;ipp;xsd</Extensions>
    </Filter>
    <Filter Include="Resource Files">
      <UniqueIdentifier>{67DA6AB6-F800-4c08-8B7A-83BB121AAD01}</UniqueIdentifier>
      <Extensions>rc;ico;cur;bmp;dlg;rc2;rct;bin;rgs;gif;jpg;jpeg;jpe;resx;tiff;tif;png;wav;mfcribbon-ms</Extensions>
    </Filter>
    <Filter Include="Header Files\Domino">
      <UniqueIdentifier>{a3a2f222-ac51-4509-985e-9f111247d067}</UniqueIdentifier>
    </Filter>
    <Filter Include="Source Files\inih">
      <UniqueIdentifier>{1c128da1-e8d9-4d06-beb9-1a17c98dde35}</UniqueIdentifier>
    </Filter>
    <Filter Include="Header Files\inih">
      <UniqueIdentifier>{309969e4-18a2-4e95-8dee-f199993a31ed}</UniqueIdentifier>
    </Filter>
  </ItemGroup>
  <ItemGroup>
    <ClInclude Include="Hooks.h">
      <Filter>Header Files</Filter>
    </ClInclude>
    <ClInclude Include="QPatch.h">
      <Filter>Header Files</Filter>
    </ClInclude>
    <ClInclude Include="translations.h">
      <Filter>Header Files</Filter>
    </ClInclude>
    <ClInclude Include="CustomMenuEntries.h">
      <Filter>Header Files</Filter>
    </ClInclude>
    <ClInclude Include="CPortalView.h">
      <Filter>Header Files\Domino</Filter>
    </ClInclude>
    <ClInclude Include="CSelection.h">
      <Filter>Header Files\Domino</Filter>
    </ClInclude>
    <ClInclude Include="GlobalFuncs.h">
      <Filter>Header Files\Domino</Filter>
    </ClInclude>
    <ClInclude Include="Common.h">
      <Filter>Header Files</Filter>
    </ClInclude>
    <ClInclude Include="CMainFrame.h">
      <Filter>Header Files\Domino</Filter>
    </ClInclude>
    <ClInclude Include="CPortalApp.h">
      <Filter>Header Files\Domino</Filter>
    </ClInclude>
    <ClInclude Include="resource.h">
      <Filter>Header Files</Filter>
    </ClInclude>
    <ClInclude Include="Settings.h">
      <Filter>Header Files</Filter>
    </ClInclude>
    <ClInclude Include="externals\inih\cpp\INIReader.h">
      <Filter>Header Files\inih</Filter>
    </ClInclude>
    <ClInclude Include="externals\inih\ini.h">
      <Filter>Header Files\inih</Filter>
    </ClInclude>
  </ItemGroup>
  <ItemGroup>
    <ClCompile Include="dllmain.cpp">
      <Filter>Source Files</Filter>
    </ClCompile>
    <ClCompile Include="Hooks.cpp">
      <Filter>Source Files</Filter>
    </ClCompile>
    <ClCompile Include="QPatch.cpp">
      <Filter>Source Files</Filter>
    </ClCompile>
    <ClCompile Include="Common.cpp">
      <Filter>Source Files</Filter>
    </ClCompile>
    <ClCompile Include="Settings.cpp">
      <Filter>Source Files</Filter>
    </ClCompile>
    <ClCompile Include="externals\inih\ini.c">
      <Filter>Source Files\inih</Filter>
    </ClCompile>
    <ClCompile Include="externals\inih\cpp\INIReader.cpp">
      <Filter>Source Files\inih</Filter>
    </ClCompile>
  </ItemGroup>
  <ItemGroup>
    <ResourceCompile Include="dominohook.rc">
      <Filter>Resource Files</Filter>
    </ResourceCompile>
  </ItemGroup>
</Project>